{
    "_meta": {
        "hash": {
            "sha256": "ffd05daa3e35126be56145b37d5f48571050661ed12f831c99b69ad98317b187"
        },
        "host-environment-markers": {
            "implementation_name": "cpython",
            "implementation_version": "3.6.4",
            "os_name": "nt",
            "platform_machine": "AMD64",
            "platform_python_implementation": "CPython",
            "platform_release": "7",
            "platform_system": "Windows",
            "platform_version": "6.1.7601",
            "python_full_version": "3.6.4",
            "python_version": "3.6",
            "sys_platform": "win32"
        },
        "pipfile-spec": 6,
        "requires": {
            "python_version": "3.6"
        },
        "sources": [
            {
                "name": "pypi",
                "url": "https://pypi.python.org/simple",
                "verify_ssl": true
            }
        ]
    },
    "default": {
        "django": {
            "hashes": [
                "sha256:9365e04db9ad92524350247906ce6edc8b98fc95d146f697540edbfddb23ba13",
                "sha256:d3d9fdc8f313e5a33a6dc7ebdeca19147c11029822b462064c56895d7969ab98"
            ],
            "version": "==1.6"
        },
        "django-auth-lti": {
            "git": "https://github.com/Harvard-ATG/django-auth-lti",
            "ref": "master"
        },
        "django-braces": {
            "hashes": [
                "sha256:7e0cb698f3cd17cc58d50aea4a663233f44228144b81d85e1b9bad05aa7f3f80",
                "sha256:7c5b91c75240ccf2eb124fe3b09dd4978e8f4d412b553bb791920bd55839159c"
            ],
            "version": "==1.12.0"
        },
        "django-cached-authentication-middleware": {
            "hashes": [
                "sha256:fc10fb2859d1f3245f22dec4b24a0e41520639783e24bbcb77d19d33ee3079f5",
                "sha256:bdf664b211256391ba0b57783c78123183d35e62caef18913e892b190103dc51"
            ],
            "version": "==0.2.2"
        },
        "funcsigs": {
            "hashes": [
                "sha256:330cc27ccbf7f1e992e69fef78261dc7c6569012cf397db8d3de0234e6c937ca",
                "sha256:a7bb0f2cf3a3fd1ab2732cb49eba4252c2af4240442415b4abce3b87022a8f50"
            ],
            "markers": "python_version < '3.3'",
            "version": "==1.0.2"
        },
        "gunicorn": {
            "hashes": [
                "sha256:75af03c99389535f218cc596c7de74df4763803f7b63eb09d77e92b3956b36c6",
                "sha256:eee1169f0ca667be05db3351a0960765620dad53f53434262ff8901b68a1b622"
            ],
            "version": "==19.7.1"
        },
        "mock": {
            "hashes": [
                "sha256:5ce3c71c5545b472da17b72268978914d0252980348636840bd34a00b5cc96c1",
                "sha256:b158b6df76edd239b8208d481dc46b6afd45a846b7812ff0ce58971cf5bc8bba"
            ],
            "version": "==2.0.0"
        },
        "nose": {
            "hashes": [
                "sha256:4e63cc3325de75cf98ffad40be72fa69753de824695173178f74c034fe4f5260"
            ],
            "version": "==1.3.0"
        },
        "ordereddict": {
            "hashes": [
                "sha256:1c35b4ac206cef2d24816c89f89cf289dd3d38cf7c449bb3fab7bf6d43f01b1f"
            ],
            "version": "==1.1"
        },
        "pbr": {
            "hashes": [
                "sha256:60c25b7dfd054ef9bb0ae327af949dd4676aa09ac3a9471cdc871d8a9213f9ac",
                "sha256:05f61c71aaefc02d8e37c0a3eeb9815ff526ea28b3b76324769e6158d7f95be1"
            ],
            "version": "==3.1.1"
        },
        "six": {
            "hashes": [
                "sha256:832dc0e10feb1aa2c68dcc57dbb658f1c7e65b9b61af69048abc87a2db00a0eb",
                "sha256:70e8a77beed4562e7f14fe23a786b54f6296e34344c23bc42f07b15018ff98e9"
            ],
            "version": "==1.11.0"
        },
        "whitenoise": {
            "hashes": [
                "sha256:826ffe5d608c9dc8daebef1b0b43d01f7958f17c2fce36e75c80e26160172c4f",
                "sha256:5aea935dfc09ef2beeb76960b4a808b0bbe65e85fb0b0312434b9c365ca02a41"
            ],
            "version": "==2.0.6"
        }
    },
    "develop": {}
}
